
Microsoft Visual Studio Solution File, Format Version 12.00
# Visual Studio Version 16
VisualStudioVersion = 16.0.32630.194
MinimumVisualStudioVersion = 10.0.40219.1
Project("{FAE04EC0-301F-11D3-BF4B-00C04F79EFBC}") = "Práctica  3", "Práctica  3\Práctica  3.csproj", "{4351E49E-775D-48D5-AF52-0B854302BC61}"
EndProject
Project("{FAE04EC0-301F-11D3-BF4B-00C04F79EFBC}") = "Práctica 3.2", "Práctica 3.2\Práctica 3.2.csproj", "{659392D2-5BC3-4178-9826-38F61E5D018A}"
EndProject
Global
	GlobalSection(SolutionConfigurationPlatforms) = preSolution
		Debug|Any CPU = Debug|Any CPU
		Release|Any CPU = Release|Any CPU
	EndGlobalSection
	GlobalSection(ProjectConfigurationPlatforms) = postSolution
		{4351E49E-775D-48D5-AF52-0B854302BC61}.Debug|Any CPU.ActiveCfg = Debug|Any CPU
		{4351E49E-775D-48D5-AF52-0B854302BC61}.Debug|Any CPU.Build.0 = Debug|Any CPU
		{4351E49E-775D-48D5-AF52-0B854302BC61}.Release|Any CPU.ActiveCfg = Release|Any CPU
		{4351E49E-775D-48D5-AF52-0B854302BC61}.Release|Any CPU.Build.0 = Release|Any CPU
		{659392D2-5BC3-4178-9826-38F61E5D018A}.Debug|Any CPU.ActiveCfg = Debug|Any CPU
		{659392D2-5BC3-4178-9826-38F61E5D018A}.Debug|Any CPU.Build.0 = Debug|Any CPU
		{659392D2-5BC3-4178-9826-38F61E5D018A}.Release|Any CPU.ActiveCfg = Release|Any CPU
		{659392D2-5BC3-4178-9826-38F61E5D018A}.Release|Any CPU.Build.0 = Release|Any CPU
	EndGlobalSection
	GlobalSection(SolutionProperties) = preSolution
		HideSolutionNode = FALSE
	EndGlobalSection
	GlobalSection(ExtensibilityGlobals) = postSolution
		SolutionGuid = {FB0A437E-1F44-4EA5-A1A3-91AB48A823B1}
	EndGlobalSection
EndGlobal
